
Microsoft Visual Studio Solution File, Format Version 12.00
Project("{2150E333-8FDC-42A3-9474-1A3956D46DE8}") = "src", "src", "{5A1A737C-3190-43A4-8EAC-A1F6181ABB98}"
EndProject
Project("{2150E333-8FDC-42A3-9474-1A3956D46DE8}") = "tests", "tests", "{3BE40410-6D2C-49C8-959E-001C3741056D}"
EndProject
Project("{FAE04EC0-301F-11D3-BF4B-00C04F79EFBC}") = "Depot.Auth", "src\Depot.Auth\Depot.Auth.csproj", "{92F52A49-AF77-40DB-8998-31D4EF041FB1}"
EndProject
Project("{FAE04EC0-301F-11D3-BF4B-00C04F79EFBC}") = "Depot.Gateway", "src\Depot.Gateway\Depot.Gateway.csproj", "{16F1BAEA-DF73-465E-8691-09B9F7D5B0C2}"
EndProject
Project("{FAE04EC0-301F-11D3-BF4B-00C04F79EFBC}") = "Depot.Common", "src\Depot.Common\Depot.Common.csproj", "{8D3E2D60-0340-4345-A310-6BC6275BB005}"
EndProject
Project("{FAE04EC0-301F-11D3-BF4B-00C04F79EFBC}") = "Depot.Repository", "src\Depot.Repository\Depot.Repository.csproj", "{0F2405EF-18C6-458F-B8BF-633166959357}"
EndProject
Project("{FAE04EC0-301F-11D3-BF4B-00C04F79EFBC}") = "Depot.Storage", "src\Depot.Storage\Depot.Storage.csproj", "{E18D5F88-B5D0-4FAB-A470-49D42CE36E6B}"
EndProject
Project("{FAE04EC0-301F-11D3-BF4B-00C04F79EFBC}") = "Depot.Licensing", "src\Depot.Licensing\Depot.Licensing.csproj", "{45E989EE-8A9B-4E18-ACAF-D23E67D8664E}"
EndProject
Project("{FAE04EC0-301F-11D3-BF4B-00C04F79EFBC}") = "Depot.Auth.Tests", "tests\Depot.Auth.Tests\Depot.Auth.Tests.csproj", "{32B2D393-69C4-499D-879C-733AC373AE90}"
EndProject
Project("{2150E333-8FDC-42A3-9474-1A3956D46DE8}") = "Solution Items", "Solution Items", "{E167B63F-0E9A-4484-8D25-992824686872}"
	ProjectSection(SolutionItems) = preProject
		docker-compose.yml = docker-compose.yml
		.env = .env
		.gitignore = .gitignore
		README.md = README.md
		docker-compose.dev.yml = docker-compose.dev.yml
		docker-compose.prod.yml = docker-compose.prod.yml
	EndProjectSection
EndProject
Project("{FAE04EC0-301F-11D3-BF4B-00C04F79EFBC}") = "Depot.Auth.Migrations", "src\Depot.Auth.Migrations\Depot.Auth.Migrations.csproj", "{5B560705-328C-4276-92A7-DE7782EBAADE}"
EndProject
Project("{FAE04EC0-301F-11D3-BF4B-00C04F79EFBC}") = "Depot.Repository.Migrations", "src\Depot.Repository.Migrations\Depot.Repository.Migrations.csproj", "{26571F4F-77F2-4B5D-831F-C7C112EF8750}"
EndProject
Project("{2150E333-8FDC-42A3-9474-1A3956D46DE8}") = "keys", "keys", "{9181F34F-84B1-402F-85B0-5B4C44E689B8}"
	ProjectSection(SolutionItems) = preProject
		keys\jwt_private.pem = keys\jwt_private.pem
		keys\jwt_public.pem = keys\jwt_public.pem
	EndProjectSection
EndProject
Project("{2150E333-8FDC-42A3-9474-1A3956D46DE8}") = "scripts", "scripts", "{FA8F413B-C761-4281-A21A-6326EF3DAAA9}"
	ProjectSection(SolutionItems) = preProject
		scripts\gen-keys.sh = scripts\gen-keys.sh
	EndProjectSection
EndProject
Global
	GlobalSection(SolutionConfigurationPlatforms) = preSolution
		Debug|Any CPU = Debug|Any CPU
		Release|Any CPU = Release|Any CPU
	EndGlobalSection
	GlobalSection(ProjectConfigurationPlatforms) = postSolution
		{92F52A49-AF77-40DB-8998-31D4EF041FB1}.Debug|Any CPU.ActiveCfg = Debug|Any CPU
		{92F52A49-AF77-40DB-8998-31D4EF041FB1}.Debug|Any CPU.Build.0 = Debug|Any CPU
		{92F52A49-AF77-40DB-8998-31D4EF041FB1}.Release|Any CPU.ActiveCfg = Release|Any CPU
		{92F52A49-AF77-40DB-8998-31D4EF041FB1}.Release|Any CPU.Build.0 = Release|Any CPU
		{16F1BAEA-DF73-465E-8691-09B9F7D5B0C2}.Debug|Any CPU.ActiveCfg = Debug|Any CPU
		{16F1BAEA-DF73-465E-8691-09B9F7D5B0C2}.Debug|Any CPU.Build.0 = Debug|Any CPU
		{16F1BAEA-DF73-465E-8691-09B9F7D5B0C2}.Release|Any CPU.ActiveCfg = Release|Any CPU
		{16F1BAEA-DF73-465E-8691-09B9F7D5B0C2}.Release|Any CPU.Build.0 = Release|Any CPU
		{8D3E2D60-0340-4345-A310-6BC6275BB005}.Debug|Any CPU.ActiveCfg = Debug|Any CPU
		{8D3E2D60-0340-4345-A310-6BC6275BB005}.Debug|Any CPU.Build.0 = Debug|Any CPU
		{8D3E2D60-0340-4345-A310-6BC6275BB005}.Release|Any CPU.ActiveCfg = Release|Any CPU
		{8D3E2D60-0340-4345-A310-6BC6275BB005}.Release|Any CPU.Build.0 = Release|Any CPU
		{0F2405EF-18C6-458F-B8BF-633166959357}.Debug|Any CPU.ActiveCfg = Debug|Any CPU
		{0F2405EF-18C6-458F-B8BF-633166959357}.Debug|Any CPU.Build.0 = Debug|Any CPU
		{0F2405EF-18C6-458F-B8BF-633166959357}.Release|Any CPU.ActiveCfg = Release|Any CPU
		{0F2405EF-18C6-458F-B8BF-633166959357}.Release|Any CPU.Build.0 = Release|Any CPU
		{E18D5F88-B5D0-4FAB-A470-49D42CE36E6B}.Debug|Any CPU.ActiveCfg = Debug|Any CPU
		{E18D5F88-B5D0-4FAB-A470-49D42CE36E6B}.Debug|Any CPU.Build.0 = Debug|Any CPU
		{E18D5F88-B5D0-4FAB-A470-49D42CE36E6B}.Release|Any CPU.ActiveCfg = Release|Any CPU
		{E18D5F88-B5D0-4FAB-A470-49D42CE36E6B}.Release|Any CPU.Build.0 = Release|Any CPU
		{45E989EE-8A9B-4E18-ACAF-D23E67D8664E}.Debug|Any CPU.ActiveCfg = Debug|Any CPU
		{45E989EE-8A9B-4E18-ACAF-D23E67D8664E}.Debug|Any CPU.Build.0 = Debug|Any CPU
		{45E989EE-8A9B-4E18-ACAF-D23E67D8664E}.Release|Any CPU.ActiveCfg = Release|Any CPU
		{45E989EE-8A9B-4E18-ACAF-D23E67D8664E}.Release|Any CPU.Build.0 = Release|Any CPU
		{32B2D393-69C4-499D-879C-733AC373AE90}.Debug|Any CPU.ActiveCfg = Debug|Any CPU
		{32B2D393-69C4-499D-879C-733AC373AE90}.Debug|Any CPU.Build.0 = Debug|Any CPU
		{32B2D393-69C4-499D-879C-733AC373AE90}.Release|Any CPU.ActiveCfg = Release|Any CPU
		{32B2D393-69C4-499D-879C-733AC373AE90}.Release|Any CPU.Build.0 = Release|Any CPU
		{5B560705-328C-4276-92A7-DE7782EBAADE}.Debug|Any CPU.ActiveCfg = Debug|Any CPU
		{5B560705-328C-4276-92A7-DE7782EBAADE}.Debug|Any CPU.Build.0 = Debug|Any CPU
		{5B560705-328C-4276-92A7-DE7782EBAADE}.Release|Any CPU.ActiveCfg = Release|Any CPU
		{5B560705-328C-4276-92A7-DE7782EBAADE}.Release|Any CPU.Build.0 = Release|Any CPU
		{26571F4F-77F2-4B5D-831F-C7C112EF8750}.Debug|Any CPU.ActiveCfg = Debug|Any CPU
		{26571F4F-77F2-4B5D-831F-C7C112EF8750}.Debug|Any CPU.Build.0 = Debug|Any CPU
		{26571F4F-77F2-4B5D-831F-C7C112EF8750}.Release|Any CPU.ActiveCfg = Release|Any CPU
		{26571F4F-77F2-4B5D-831F-C7C112EF8750}.Release|Any CPU.Build.0 = Release|Any CPU
	EndGlobalSection
	GlobalSection(NestedProjects) = preSolution
		{92F52A49-AF77-40DB-8998-31D4EF041FB1} = {5A1A737C-3190-43A4-8EAC-A1F6181ABB98}
		{16F1BAEA-DF73-465E-8691-09B9F7D5B0C2} = {5A1A737C-3190-43A4-8EAC-A1F6181ABB98}
		{8D3E2D60-0340-4345-A310-6BC6275BB005} = {5A1A737C-3190-43A4-8EAC-A1F6181ABB98}
		{0F2405EF-18C6-458F-B8BF-633166959357} = {5A1A737C-3190-43A4-8EAC-A1F6181ABB98}
		{E18D5F88-B5D0-4FAB-A470-49D42CE36E6B} = {5A1A737C-3190-43A4-8EAC-A1F6181ABB98}
		{45E989EE-8A9B-4E18-ACAF-D23E67D8664E} = {5A1A737C-3190-43A4-8EAC-A1F6181ABB98}
		{32B2D393-69C4-499D-879C-733AC373AE90} = {3BE40410-6D2C-49C8-959E-001C3741056D}
		{5B560705-328C-4276-92A7-DE7782EBAADE} = {5A1A737C-3190-43A4-8EAC-A1F6181ABB98}
		{26571F4F-77F2-4B5D-831F-C7C112EF8750} = {5A1A737C-3190-43A4-8EAC-A1F6181ABB98}
	EndGlobalSection
EndGlobal
